<?xml version="1.0" encoding="utf-8"?>
<Project ToolsVersion="4.0" xmlns="http://schemas.microsoft.com/developer/msbuild/2003">
  <ItemGroup>
    <Filter Include="Source Files">
      <UniqueIdentifier>{4FC737F1-C7A5-4376-A066-2A32D752A2FF}</UniqueIdentifier>
      <Extensions>cpp;c;cc;cxx;def;odl;idl;hpj;bat;asm;asmx</Extensions>
    </Filter>
    <Filter Include="Header Files">
      <UniqueIdentifier>{93995380-89BD-4b04-88EB-625FBE52EBFB}</UniqueIdentifier>
      <Extensions>h;hpp;hxx;hm;inl;inc;xsd</Extensions>
    </Filter>
    <Filter Include="Resource Files">
      <UniqueIdentifier>{67DA6AB6-F800-4c08-8B7A-83BB121AAD01}</UniqueIdentifier>
      <Extensions>rc;ico;cur;bmp;dlg;rc2;rct;bin;rgs;gif;jpg;jpeg;jpe;resx;tiff;tif;png;wav;mfcribbon-ms</Extensions>
    </Filter>
    <Filter Include="minirtl">
      <UniqueIdentifier>{a24e0382-d2e7-462c-b399-0f0a73936850}</UniqueIdentifier>
    </Filter>
    <Filter Include="ntdll">
      <UniqueIdentifier>{4adfe35a-0c15-4102-93ba-0a31bc281fc7}</UniqueIdentifier>
    </Filter>
    <Filter Include="idrv">
      <UniqueIdentifier>{a24614ae-46b0-4a3f-a979-2d467c47a833}</UniqueIdentifier>
    </Filter>
    <Filter Include="hde">
      <UniqueIdentifier>{60e9e934-2c31-4d73-968c-97851c2fe8a9}</UniqueIdentifier>
    </Filter>
  </ItemGroup>
  <ItemGroup>
    <ClCompile Include="sup.c">
      <Filter>Source Files</Filter>
    </ClCompile>
    <ClCompile Include="minirtl\_strcmpi.c">
      <Filter>minirtl</Filter>
    </ClCompile>
    <ClCompile Include="minirtl\_strcpy.c">
      <Filter>minirtl</Filter>
    </ClCompile>
    <ClCompile Include="main.c">
      <Filter>Source Files</Filter>
    </ClCompile>
    <ClCompile Include="minirtl\cmdline.c">
      <Filter>minirtl</Filter>
    </ClCompile>
    <ClCompile Include="minirtl\_strcat.c">
      <Filter>minirtl</Filter>
    </ClCompile>
    <ClCompile Include="minirtl\_strlen.c">
      <Filter>minirtl</Filter>
    </ClCompile>
    <ClCompile Include="minirtl\_strend.c">
      <Filter>minirtl</Filter>
    </ClCompile>
    <ClCompile Include="minirtl\ultohex.c">
      <Filter>minirtl</Filter>
    </ClCompile>
    <ClCompile Include="patterns.c">
      <Filter>Source Files</Filter>
    </ClCompile>
    <ClCompile Include="minirtl\_strcmp.c">
      <Filter>minirtl</Filter>
    </ClCompile>
    <ClCompile Include="minirtl\_strncpy.c">
      <Filter>minirtl</Filter>
    </ClCompile>
    <ClCompile Include="victim.c">
      <Filter>Source Files</Filter>
    </ClCompile>
    <ClCompile Include="idrv\nal.c">
      <Filter>idrv</Filter>
    </ClCompile>
    <ClCompile Include="drvmap.c">
      <Filter>Source Files</Filter>
    </ClCompile>
    <ClCompile Include="hde\hde64.c">
      <Filter>hde</Filter>
    </ClCompile>
  </ItemGroup>
  <ItemGroup>
    <ClInclude Include="resource.h">
      <Filter>Header Files</Filter>
    </ClInclude>
    <ClInclude Include="sup.h">
      <Filter>Header Files</Filter>
    </ClInclude>
    <ClInclude Include="minirtl\minirtl.h">
      <Filter>Header Files</Filter>
    </ClInclude>
    <ClInclude Include="global.h">
      <Filter>Header Files</Filter>
    </ClInclude>
    <ClInclude Include="minirtl\cmdline.h">
      <Filter>minirtl</Filter>
    </ClInclude>
    <ClInclude Include="minirtl\rtltypes.h">
      <Filter>minirtl</Filter>
    </ClInclude>
    <ClInclude Include="patterns.h">
      <Filter>Header Files</Filter>
    </ClInclude>
    <ClInclude Include="consts.h">
      <Filter>Header Files</Filter>
    </ClInclude>
    <ClInclude Include="ntdll\ntos.h">
      <Filter>ntdll</Filter>
    </ClInclude>
    <ClInclude Include="idrv\nal.h">
      <Filter>idrv</Filter>
    </ClInclude>
    <ClInclude Include="victim.h">
      <Filter>Source Files</Filter>
    </ClInclude>
    <ClInclude Include="drvmap.h">
      <Filter>Header Files</Filter>
    </ClInclude>
    <ClInclude Include="tsmisc.h">
      <Filter>Header Files</Filter>
    </ClInclude>
    <ClInclude Include="hde\hde64.h">
      <Filter>hde</Filter>
    </ClInclude>
    <ClInclude Include="hde\pstdint.h">
      <Filter>hde</Filter>
    </ClInclude>
    <ClInclude Include="hde\table64.h">
      <Filter>hde</Filter>
    </ClInclude>
  </ItemGroup>
  <ItemGroup>
    <ResourceCompile Include="Resource.rc">
      <Filter>Resource Files</Filter>
    </ResourceCompile>
  </ItemGroup>
  <ItemGroup>
    <None Include="drv\procexp.sys" />
    <None Include="drv\iQVM64.sys" />
  </ItemGroup>
</Project>